
Microsoft Visual Studio Solution File, Format Version 12.00
# Visual Studio Version 17
VisualStudioVersion = 17.7.34221.43
MinimumVisualStudioVersion = 10.0.40219.1
Project("{FAE04EC0-301F-11D3-BF4B-00C04F79EFBC}") = "FIZZ-BUZZ", "FIZZ-BUZZ\FIZZ-BUZZ.csproj", "{BD2C8307-CE80-49A0-B912-6BC414D14F50}"
EndProject
Project("{FAE04EC0-301F-11D3-BF4B-00C04F79EFBC}") = "FIZZ-BUZZ-test", "FIZZ-BUZZ-test\FIZZ-BUZZ-test.csproj", "{149DAD2F-23D9-4A84-9FCB-D6A4F74C8619}"
EndProject
Global
	GlobalSection(SolutionConfigurationPlatforms) = preSolution
		Debug|Any CPU = Debug|Any CPU
		Release|Any CPU = Release|Any CPU
	EndGlobalSection
	GlobalSection(ProjectConfigurationPlatforms) = postSolution
		{BD2C8307-CE80-49A0-B912-6BC414D14F50}.Debug|Any CPU.ActiveCfg = Debug|Any CPU
		{BD2C8307-CE80-49A0-B912-6BC414D14F50}.Debug|Any CPU.Build.0 = Debug|Any CPU
		{BD2C8307-CE80-49A0-B912-6BC414D14F50}.Release|Any CPU.ActiveCfg = Release|Any CPU
		{BD2C8307-CE80-49A0-B912-6BC414D14F50}.Release|Any CPU.Build.0 = Release|Any CPU
		{149DAD2F-23D9-4A84-9FCB-D6A4F74C8619}.Debug|Any CPU.ActiveCfg = Debug|Any CPU
		{149DAD2F-23D9-4A84-9FCB-D6A4F74C8619}.Debug|Any CPU.Build.0 = Debug|Any CPU
		{149DAD2F-23D9-4A84-9FCB-D6A4F74C8619}.Release|Any CPU.ActiveCfg = Release|Any CPU
		{149DAD2F-23D9-4A84-9FCB-D6A4F74C8619}.Release|Any CPU.Build.0 = Release|Any CPU
	EndGlobalSection
	GlobalSection(SolutionProperties) = preSolution
		HideSolutionNode = FALSE
	EndGlobalSection
	GlobalSection(ExtensibilityGlobals) = postSolution
		SolutionGuid = {B7D98DFA-F481-4719-8E0B-4084B13280F1}
	EndGlobalSection
EndGlobal
